
Microsoft Visual Studio Solution File, Format Version 12.00
# Visual Studio Version 17
VisualStudioVersion = 17.5.002.0
MinimumVisualStudioVersion = 10.0.40219.1
Project("{9A19103F-16F7-4668-BE54-9A1E7A4F7556}") = "Sec02", "Sec02\Sec02.csproj", "{327C63AA-1014-46F1-BEFF-6B85EFFBA711}"
EndProject
Project("{9A19103F-16F7-4668-BE54-9A1E7A4F7556}") = "Sec05", "Sec05\Sec05.csproj", "{888C067F-A2A8-4AF5-BF07-080F648E6CB2}"
EndProject
Project("{9A19103F-16F7-4668-BE54-9A1E7A4F7556}") = "Sec04", "Sec04\Sec04.csproj", "{6BBB1435-4F97-485A-93B2-4112D6C57C09}"
EndProject
Project("{9A19103F-16F7-4668-BE54-9A1E7A4F7556}") = "Sec03", "Sec03\Sec03.csproj", "{F6B4F04C-3246-41F2-A6BD-C361B1CACA60}"
EndProject
Project("{9A19103F-16F7-4668-BE54-9A1E7A4F7556}") = "Sec06", "Sec06\Sec06.csproj", "{434D405B-6163-4A78-8CB6-BC609DF8D65F}"
EndProject
Project("{9A19103F-16F7-4668-BE54-9A1E7A4F7556}") = "Sec01", "Sec01\Sec01.csproj", "{88AF7893-3C1C-4BE9-AC34-53498AA3594E}"
EndProject
Project("{9A19103F-16F7-4668-BE54-9A1E7A4F7556}") = "Chap01.Nullable", "Sec07\Chap01.Nullable.csproj", "{547AAB53-CFF2-4FE6-B4BF-9331553FEF42}"
EndProject
Global
	GlobalSection(SolutionConfigurationPlatforms) = preSolution
		Debug|Any CPU = Debug|Any CPU
		Release|Any CPU = Release|Any CPU
	EndGlobalSection
	GlobalSection(ProjectConfigurationPlatforms) = postSolution
		{327C63AA-1014-46F1-BEFF-6B85EFFBA711}.Debug|Any CPU.ActiveCfg = Debug|Any CPU
		{327C63AA-1014-46F1-BEFF-6B85EFFBA711}.Debug|Any CPU.Build.0 = Debug|Any CPU
		{327C63AA-1014-46F1-BEFF-6B85EFFBA711}.Release|Any CPU.ActiveCfg = Release|Any CPU
		{327C63AA-1014-46F1-BEFF-6B85EFFBA711}.Release|Any CPU.Build.0 = Release|Any CPU
		{888C067F-A2A8-4AF5-BF07-080F648E6CB2}.Debug|Any CPU.ActiveCfg = Debug|Any CPU
		{888C067F-A2A8-4AF5-BF07-080F648E6CB2}.Debug|Any CPU.Build.0 = Debug|Any CPU
		{888C067F-A2A8-4AF5-BF07-080F648E6CB2}.Release|Any CPU.ActiveCfg = Release|Any CPU
		{888C067F-A2A8-4AF5-BF07-080F648E6CB2}.Release|Any CPU.Build.0 = Release|Any CPU
		{6BBB1435-4F97-485A-93B2-4112D6C57C09}.Debug|Any CPU.ActiveCfg = Debug|Any CPU
		{6BBB1435-4F97-485A-93B2-4112D6C57C09}.Debug|Any CPU.Build.0 = Debug|Any CPU
		{6BBB1435-4F97-485A-93B2-4112D6C57C09}.Release|Any CPU.ActiveCfg = Release|Any CPU
		{6BBB1435-4F97-485A-93B2-4112D6C57C09}.Release|Any CPU.Build.0 = Release|Any CPU
		{F6B4F04C-3246-41F2-A6BD-C361B1CACA60}.Debug|Any CPU.ActiveCfg = Debug|Any CPU
		{F6B4F04C-3246-41F2-A6BD-C361B1CACA60}.Debug|Any CPU.Build.0 = Debug|Any CPU
		{F6B4F04C-3246-41F2-A6BD-C361B1CACA60}.Release|Any CPU.ActiveCfg = Release|Any CPU
		{F6B4F04C-3246-41F2-A6BD-C361B1CACA60}.Release|Any CPU.Build.0 = Release|Any CPU
		{434D405B-6163-4A78-8CB6-BC609DF8D65F}.Debug|Any CPU.ActiveCfg = Debug|Any CPU
		{434D405B-6163-4A78-8CB6-BC609DF8D65F}.Debug|Any CPU.Build.0 = Debug|Any CPU
		{434D405B-6163-4A78-8CB6-BC609DF8D65F}.Release|Any CPU.ActiveCfg = Release|Any CPU
		{434D405B-6163-4A78-8CB6-BC609DF8D65F}.Release|Any CPU.Build.0 = Release|Any CPU
		{88AF7893-3C1C-4BE9-AC34-53498AA3594E}.Debug|Any CPU.ActiveCfg = Debug|Any CPU
		{88AF7893-3C1C-4BE9-AC34-53498AA3594E}.Debug|Any CPU.Build.0 = Debug|Any CPU
		{88AF7893-3C1C-4BE9-AC34-53498AA3594E}.Release|Any CPU.ActiveCfg = Release|Any CPU
		{88AF7893-3C1C-4BE9-AC34-53498AA3594E}.Release|Any CPU.Build.0 = Release|Any CPU
		{547AAB53-CFF2-4FE6-B4BF-9331553FEF42}.Debug|Any CPU.ActiveCfg = Debug|Any CPU
		{547AAB53-CFF2-4FE6-B4BF-9331553FEF42}.Debug|Any CPU.Build.0 = Debug|Any CPU
		{547AAB53-CFF2-4FE6-B4BF-9331553FEF42}.Release|Any CPU.ActiveCfg = Release|Any CPU
		{547AAB53-CFF2-4FE6-B4BF-9331553FEF42}.Release|Any CPU.Build.0 = Release|Any CPU
	EndGlobalSection
	GlobalSection(SolutionProperties) = preSolution
		HideSolutionNode = FALSE
	EndGlobalSection
	GlobalSection(ExtensibilityGlobals) = postSolution
		SolutionGuid = {5D1AB4DA-5BAF-4471-A3E5-CD78C151032A}
	EndGlobalSection
EndGlobal
