
Microsoft Visual Studio Solution File, Format Version 12.00
# Visual Studio Version 17
VisualStudioVersion = 17.5.002.0
MinimumVisualStudioVersion = 10.0.40219.1
Project("{9A19103F-16F7-4668-BE54-9A1E7A4F7556}") = "Program", "A01-1\Program.csproj", "{0DFBC914-F911-4B69-BA7A-E0B84631DF70}"
EndProject
Project("{9A19103F-16F7-4668-BE54-9A1E7A4F7556}") = "Program (1)", "A01-2\Program.csproj", "{1AB526FE-10C2-46DF-9E22-2496E12EAB80}"
EndProject
Project("{9A19103F-16F7-4668-BE54-9A1E7A4F7556}") = "Program (2)", "A01-3\Program.csproj", "{3FEAEB5D-7DA7-46DB-A38A-B9CB884C61D2}"
EndProject
Project("{9A19103F-16F7-4668-BE54-9A1E7A4F7556}") = "Program (3)", "A02-1\Program.csproj", "{48F69749-3D3E-4D2E-9B4B-F1988609D470}"
EndProject
Project("{9A19103F-16F7-4668-BE54-9A1E7A4F7556}") = "Program (4)", "A02-2\Program.csproj", "{C2B534DF-0C63-4182-86C9-BEEBC6202A2E}"
EndProject
Project("{9A19103F-16F7-4668-BE54-9A1E7A4F7556}") = "Program (5)", "A02-3\Program.csproj", "{5D2A2336-9BDC-4E70-AF16-09D96288C537}"
EndProject
Project("{9A19103F-16F7-4668-BE54-9A1E7A4F7556}") = "Program (6)", "A03-1\Program.csproj", "{F7F42AA1-093A-4069-8C0D-FF49C269011B}"
EndProject
Project("{9A19103F-16F7-4668-BE54-9A1E7A4F7556}") = "Program (7)", "A03-2\Program.csproj", "{260A6B03-A07A-4177-8C03-572695BB7F01}"
EndProject
Project("{9A19103F-16F7-4668-BE54-9A1E7A4F7556}") = "Program (8)", "A04-1\Program.csproj", "{AC95AA58-4920-4225-8ECF-98E9D94AB4A9}"
EndProject
Project("{9A19103F-16F7-4668-BE54-9A1E7A4F7556}") = "Program (9)", "A04-2\Program.csproj", "{8E0E26EC-25FE-4449-B3D9-0622D0D4DBAB}"
EndProject
Project("{9A19103F-16F7-4668-BE54-9A1E7A4F7556}") = "Program (10)", "A05-1\Program.csproj", "{8618218F-3094-44E7-9FD2-7B8C4C6D2F07}"
EndProject
Project("{9A19103F-16F7-4668-BE54-9A1E7A4F7556}") = "Program (11)", "A05-2\Program.csproj", "{ABC9BFDD-0271-473B-AC0F-F37BEBCE30D9}"
EndProject
Project("{9A19103F-16F7-4668-BE54-9A1E7A4F7556}") = "Program (12)", "A05-3\Program.csproj", "{CFDE899D-76E1-4983-8722-1FDB3ECC71ED}"
EndProject
Project("{9A19103F-16F7-4668-BE54-9A1E7A4F7556}") = "Program (13)", "A06-1\Program.csproj", "{3D527771-079B-4AAD-9A6C-A9CD6C84BDFF}"
EndProject
Project("{9A19103F-16F7-4668-BE54-9A1E7A4F7556}") = "Program (14)", "A06-2\Program.csproj", "{9172901B-734C-4C5D-8DED-F5918A3CB83C}"
EndProject
Project("{9A19103F-16F7-4668-BE54-9A1E7A4F7556}") = "Program (15)", "A06-3\Program.csproj", "{524CBB9B-B069-443C-AB93-4057EB8EC3F2}"
EndProject
Project("{9A19103F-16F7-4668-BE54-9A1E7A4F7556}") = "Program (16)", "A06-4\Program.csproj", "{61459E10-7A42-4D3C-96E2-E5DFB980FED2}"
EndProject
Project("{9A19103F-16F7-4668-BE54-9A1E7A4F7556}") = "Program (17)", "A07-1\Program.csproj", "{A454AE00-6D59-4318-BDBE-F9D095D4F595}"
EndProject
Project("{9A19103F-16F7-4668-BE54-9A1E7A4F7556}") = "Program (18)", "A07-2\Program.csproj", "{30C9DF45-C031-4B1B-96C8-E6267041BCC6}"
EndProject
Project("{9A19103F-16F7-4668-BE54-9A1E7A4F7556}") = "Program (19)", "A08-1\Program.csproj", "{3865A5DF-7CB0-491F-AD14-422404BC8BDC}"
EndProject
Project("{9A19103F-16F7-4668-BE54-9A1E7A4F7556}") = "Program (20)", "A08-2\Program.csproj", "{63C0E0B4-3DAD-4A40-8B13-A41360A6C4B2}"
EndProject
Project("{9A19103F-16F7-4668-BE54-9A1E7A4F7556}") = "Program (21)", "A09-1\Program.csproj", "{FB3C2464-D5D4-4D04-B3E7-F59B223F0833}"
EndProject
Project("{9A19103F-16F7-4668-BE54-9A1E7A4F7556}") = "Program (22)", "A09-2\Program.csproj", "{7C4E5FFD-BA2B-49FD-9920-72D218310A2D}"
EndProject
Project("{9A19103F-16F7-4668-BE54-9A1E7A4F7556}") = "Program (23)", "A09-3\Program.csproj", "{06571F67-B0D6-47FF-9565-2030C7DDF304}"
EndProject
Project("{9A19103F-16F7-4668-BE54-9A1E7A4F7556}") = "Program (24)", "A10-1(1)\Program.csproj", "{A8786062-2507-4B44-AB54-7A11A6CA0957}"
EndProject
Project("{9A19103F-16F7-4668-BE54-9A1E7A4F7556}") = "Program (25)", "A10-1(2)\Program.csproj", "{FF9BAFF3-D7A1-4E84-8DF2-4619969EEA33}"
EndProject
Project("{9A19103F-16F7-4668-BE54-9A1E7A4F7556}") = "Program (26)", "A10-1(3)\Program.csproj", "{A7B992A8-71C4-4E8D-AB85-D36661EBEB0F}"
EndProject
Project("{9A19103F-16F7-4668-BE54-9A1E7A4F7556}") = "Program (27)", "A10-2\Program.csproj", "{2C8C24C2-9016-46D1-A836-ED1F261CBDF4}"
EndProject
Project("{9A19103F-16F7-4668-BE54-9A1E7A4F7556}") = "Program (28)", "A10-3\Program.csproj", "{52D65DDF-501B-45F5-9FFA-C0A3FDCF9333}"
EndProject
Project("{9A19103F-16F7-4668-BE54-9A1E7A4F7556}") = "Program (29)", "A10-4\Program.csproj", "{773CC30A-2F76-4971-909B-FFB7F3093ED1}"
EndProject
Project("{9A19103F-16F7-4668-BE54-9A1E7A4F7556}") = "Program (30)", "A10-5\Program.csproj", "{9ADE7643-D457-4453-8EE7-370658396B45}"
EndProject
Project("{9A19103F-16F7-4668-BE54-9A1E7A4F7556}") = "Program (31)", "A11-1\Program.csproj", "{2C8A3EA1-2C46-482D-B88F-EC79ECAF7FB9}"
EndProject
Project("{9A19103F-16F7-4668-BE54-9A1E7A4F7556}") = "Program (32)", "A11-2\Program.csproj", "{4D79D25F-8B5E-4559-8D3D-3F94668ECE2D}"
EndProject
Project("{9A19103F-16F7-4668-BE54-9A1E7A4F7556}") = "Program (33)", "A11-3\Program.csproj", "{DB1BD54C-AFDD-43DD-8853-BB5CAEC601CE}"
EndProject
Project("{9A19103F-16F7-4668-BE54-9A1E7A4F7556}") = "Program (34)", "A11-4\Program.csproj", "{B8302538-67F6-411D-A58C-B4EF5B90202F}"
EndProject
Project("{9A19103F-16F7-4668-BE54-9A1E7A4F7556}") = "Program (35)", "A11-5\Program.csproj", "{ED0C7E9D-27E0-4776-9196-5B0E7057658B}"
EndProject
Project("{9A19103F-16F7-4668-BE54-9A1E7A4F7556}") = "Program (36)", "A11-6\Program.csproj", "{00977767-1578-45AF-869E-CA93243B3B5C}"
EndProject
Project("{9A19103F-16F7-4668-BE54-9A1E7A4F7556}") = "Program (37)", "A12-1(1)\Program.csproj", "{62BB2C7F-3485-46FD-B4CC-66D07AF491DB}"
EndProject
Project("{9A19103F-16F7-4668-BE54-9A1E7A4F7556}") = "Program (38)", "A12-1(2-3)\Program.csproj", "{A14360B6-9141-438C-9964-C0411ADBFE7F}"
EndProject
Project("{9A19103F-16F7-4668-BE54-9A1E7A4F7556}") = "Program (39)", "A12-2\Program.csproj", "{F652FA55-E076-47E8-9E83-6CA084BF50CC}"
EndProject
Project("{9A19103F-16F7-4668-BE54-9A1E7A4F7556}") = "Program (40)", "A12-3\Program.csproj", "{87DD3603-F410-433B-B40D-F9F2FCE0FFEA}"
EndProject
Project("{9A19103F-16F7-4668-BE54-9A1E7A4F7556}") = "Program (41)", "A13-1\Program.csproj", "{322CCADE-AC1D-4337-8691-5623E9BE6A0D}"
EndProject
Project("{9A19103F-16F7-4668-BE54-9A1E7A4F7556}") = "Program (42)", "A14-1\Program.csproj", "{6B51A979-5850-4DB6-850F-C18052E150E2}"
EndProject
Project("{9A19103F-16F7-4668-BE54-9A1E7A4F7556}") = "Program (43)", "A14-2\Program.csproj", "{288D775C-B4F4-4657-BF3D-70E8A27CA9B6}"
EndProject
Global
	GlobalSection(SolutionConfigurationPlatforms) = preSolution
		Debug|Any CPU = Debug|Any CPU
		Release|Any CPU = Release|Any CPU
	EndGlobalSection
	GlobalSection(ProjectConfigurationPlatforms) = postSolution
		{0DFBC914-F911-4B69-BA7A-E0B84631DF70}.Debug|Any CPU.ActiveCfg = Debug|Any CPU
		{0DFBC914-F911-4B69-BA7A-E0B84631DF70}.Debug|Any CPU.Build.0 = Debug|Any CPU
		{0DFBC914-F911-4B69-BA7A-E0B84631DF70}.Release|Any CPU.ActiveCfg = Release|Any CPU
		{0DFBC914-F911-4B69-BA7A-E0B84631DF70}.Release|Any CPU.Build.0 = Release|Any CPU
		{1AB526FE-10C2-46DF-9E22-2496E12EAB80}.Debug|Any CPU.ActiveCfg = Debug|Any CPU
		{1AB526FE-10C2-46DF-9E22-2496E12EAB80}.Debug|Any CPU.Build.0 = Debug|Any CPU
		{1AB526FE-10C2-46DF-9E22-2496E12EAB80}.Release|Any CPU.ActiveCfg = Release|Any CPU
		{1AB526FE-10C2-46DF-9E22-2496E12EAB80}.Release|Any CPU.Build.0 = Release|Any CPU
		{3FEAEB5D-7DA7-46DB-A38A-B9CB884C61D2}.Debug|Any CPU.ActiveCfg = Debug|Any CPU
		{3FEAEB5D-7DA7-46DB-A38A-B9CB884C61D2}.Debug|Any CPU.Build.0 = Debug|Any CPU
		{3FEAEB5D-7DA7-46DB-A38A-B9CB884C61D2}.Release|Any CPU.ActiveCfg = Release|Any CPU
		{3FEAEB5D-7DA7-46DB-A38A-B9CB884C61D2}.Release|Any CPU.Build.0 = Release|Any CPU
		{48F69749-3D3E-4D2E-9B4B-F1988609D470}.Debug|Any CPU.ActiveCfg = Debug|Any CPU
		{48F69749-3D3E-4D2E-9B4B-F1988609D470}.Debug|Any CPU.Build.0 = Debug|Any CPU
		{48F69749-3D3E-4D2E-9B4B-F1988609D470}.Release|Any CPU.ActiveCfg = Release|Any CPU
		{48F69749-3D3E-4D2E-9B4B-F1988609D470}.Release|Any CPU.Build.0 = Release|Any CPU
		{C2B534DF-0C63-4182-86C9-BEEBC6202A2E}.Debug|Any CPU.ActiveCfg = Debug|Any CPU
		{C2B534DF-0C63-4182-86C9-BEEBC6202A2E}.Debug|Any CPU.Build.0 = Debug|Any CPU
		{C2B534DF-0C63-4182-86C9-BEEBC6202A2E}.Release|Any CPU.ActiveCfg = Release|Any CPU
		{C2B534DF-0C63-4182-86C9-BEEBC6202A2E}.Release|Any CPU.Build.0 = Release|Any CPU
		{5D2A2336-9BDC-4E70-AF16-09D96288C537}.Debug|Any CPU.ActiveCfg = Debug|Any CPU
		{5D2A2336-9BDC-4E70-AF16-09D96288C537}.Debug|Any CPU.Build.0 = Debug|Any CPU
		{5D2A2336-9BDC-4E70-AF16-09D96288C537}.Release|Any CPU.ActiveCfg = Release|Any CPU
		{5D2A2336-9BDC-4E70-AF16-09D96288C537}.Release|Any CPU.Build.0 = Release|Any CPU
		{F7F42AA1-093A-4069-8C0D-FF49C269011B}.Debug|Any CPU.ActiveCfg = Debug|Any CPU
		{F7F42AA1-093A-4069-8C0D-FF49C269011B}.Debug|Any CPU.Build.0 = Debug|Any CPU
		{F7F42AA1-093A-4069-8C0D-FF49C269011B}.Release|Any CPU.ActiveCfg = Release|Any CPU
		{F7F42AA1-093A-4069-8C0D-FF49C269011B}.Release|Any CPU.Build.0 = Release|Any CPU
		{260A6B03-A07A-4177-8C03-572695BB7F01}.Debug|Any CPU.ActiveCfg = Debug|Any CPU
		{260A6B03-A07A-4177-8C03-572695BB7F01}.Debug|Any CPU.Build.0 = Debug|Any CPU
		{260A6B03-A07A-4177-8C03-572695BB7F01}.Release|Any CPU.ActiveCfg = Release|Any CPU
		{260A6B03-A07A-4177-8C03-572695BB7F01}.Release|Any CPU.Build.0 = Release|Any CPU
		{AC95AA58-4920-4225-8ECF-98E9D94AB4A9}.Debug|Any CPU.ActiveCfg = Debug|Any CPU
		{AC95AA58-4920-4225-8ECF-98E9D94AB4A9}.Debug|Any CPU.Build.0 = Debug|Any CPU
		{AC95AA58-4920-4225-8ECF-98E9D94AB4A9}.Release|Any CPU.ActiveCfg = Release|Any CPU
		{AC95AA58-4920-4225-8ECF-98E9D94AB4A9}.Release|Any CPU.Build.0 = Release|Any CPU
		{8E0E26EC-25FE-4449-B3D9-0622D0D4DBAB}.Debug|Any CPU.ActiveCfg = Debug|Any CPU
		{8E0E26EC-25FE-4449-B3D9-0622D0D4DBAB}.Debug|Any CPU.Build.0 = Debug|Any CPU
		{8E0E26EC-25FE-4449-B3D9-0622D0D4DBAB}.Release|Any CPU.ActiveCfg = Release|Any CPU
		{8E0E26EC-25FE-4449-B3D9-0622D0D4DBAB}.Release|Any CPU.Build.0 = Release|Any CPU
		{8618218F-3094-44E7-9FD2-7B8C4C6D2F07}.Debug|Any CPU.ActiveCfg = Debug|Any CPU
		{8618218F-3094-44E7-9FD2-7B8C4C6D2F07}.Debug|Any CPU.Build.0 = Debug|Any CPU
		{8618218F-3094-44E7-9FD2-7B8C4C6D2F07}.Release|Any CPU.ActiveCfg = Release|Any CPU
		{8618218F-3094-44E7-9FD2-7B8C4C6D2F07}.Release|Any CPU.Build.0 = Release|Any CPU
		{ABC9BFDD-0271-473B-AC0F-F37BEBCE30D9}.Debug|Any CPU.ActiveCfg = Debug|Any CPU
		{ABC9BFDD-0271-473B-AC0F-F37BEBCE30D9}.Debug|Any CPU.Build.0 = Debug|Any CPU
		{ABC9BFDD-0271-473B-AC0F-F37BEBCE30D9}.Release|Any CPU.ActiveCfg = Release|Any CPU
		{ABC9BFDD-0271-473B-AC0F-F37BEBCE30D9}.Release|Any CPU.Build.0 = Release|Any CPU
		{CFDE899D-76E1-4983-8722-1FDB3ECC71ED}.Debug|Any CPU.ActiveCfg = Debug|Any CPU
		{CFDE899D-76E1-4983-8722-1FDB3ECC71ED}.Debug|Any CPU.Build.0 = Debug|Any CPU
		{CFDE899D-76E1-4983-8722-1FDB3ECC71ED}.Release|Any CPU.ActiveCfg = Release|Any CPU
		{CFDE899D-76E1-4983-8722-1FDB3ECC71ED}.Release|Any CPU.Build.0 = Release|Any CPU
		{3D527771-079B-4AAD-9A6C-A9CD6C84BDFF}.Debug|Any CPU.ActiveCfg = Debug|Any CPU
		{3D527771-079B-4AAD-9A6C-A9CD6C84BDFF}.Debug|Any CPU.Build.0 = Debug|Any CPU
		{3D527771-079B-4AAD-9A6C-A9CD6C84BDFF}.Release|Any CPU.ActiveCfg = Release|Any CPU
		{3D527771-079B-4AAD-9A6C-A9CD6C84BDFF}.Release|Any CPU.Build.0 = Release|Any CPU
		{9172901B-734C-4C5D-8DED-F5918A3CB83C}.Debug|Any CPU.ActiveCfg = Debug|Any CPU
		{9172901B-734C-4C5D-8DED-F5918A3CB83C}.Debug|Any CPU.Build.0 = Debug|Any CPU
		{9172901B-734C-4C5D-8DED-F5918A3CB83C}.Release|Any CPU.ActiveCfg = Release|Any CPU
		{9172901B-734C-4C5D-8DED-F5918A3CB83C}.Release|Any CPU.Build.0 = Release|Any CPU
		{524CBB9B-B069-443C-AB93-4057EB8EC3F2}.Debug|Any CPU.ActiveCfg = Debug|Any CPU
		{524CBB9B-B069-443C-AB93-4057EB8EC3F2}.Debug|Any CPU.Build.0 = Debug|Any CPU
		{524CBB9B-B069-443C-AB93-4057EB8EC3F2}.Release|Any CPU.ActiveCfg = Release|Any CPU
		{524CBB9B-B069-443C-AB93-4057EB8EC3F2}.Release|Any CPU.Build.0 = Release|Any CPU
		{61459E10-7A42-4D3C-96E2-E5DFB980FED2}.Debug|Any CPU.ActiveCfg = Debug|Any CPU
		{61459E10-7A42-4D3C-96E2-E5DFB980FED2}.Debug|Any CPU.Build.0 = Debug|Any CPU
		{61459E10-7A42-4D3C-96E2-E5DFB980FED2}.Release|Any CPU.ActiveCfg = Release|Any CPU
		{61459E10-7A42-4D3C-96E2-E5DFB980FED2}.Release|Any CPU.Build.0 = Release|Any CPU
		{A454AE00-6D59-4318-BDBE-F9D095D4F595}.Debug|Any CPU.ActiveCfg = Debug|Any CPU
		{A454AE00-6D59-4318-BDBE-F9D095D4F595}.Debug|Any CPU.Build.0 = Debug|Any CPU
		{A454AE00-6D59-4318-BDBE-F9D095D4F595}.Release|Any CPU.ActiveCfg = Release|Any CPU
		{A454AE00-6D59-4318-BDBE-F9D095D4F595}.Release|Any CPU.Build.0 = Release|Any CPU
		{30C9DF45-C031-4B1B-96C8-E6267041BCC6}.Debug|Any CPU.ActiveCfg = Debug|Any CPU
		{30C9DF45-C031-4B1B-96C8-E6267041BCC6}.Debug|Any CPU.Build.0 = Debug|Any CPU
		{30C9DF45-C031-4B1B-96C8-E6267041BCC6}.Release|Any CPU.ActiveCfg = Release|Any CPU
		{30C9DF45-C031-4B1B-96C8-E6267041BCC6}.Release|Any CPU.Build.0 = Release|Any CPU
		{3865A5DF-7CB0-491F-AD14-422404BC8BDC}.Debug|Any CPU.ActiveCfg = Debug|Any CPU
		{3865A5DF-7CB0-491F-AD14-422404BC8BDC}.Debug|Any CPU.Build.0 = Debug|Any CPU
		{3865A5DF-7CB0-491F-AD14-422404BC8BDC}.Release|Any CPU.ActiveCfg = Release|Any CPU
		{3865A5DF-7CB0-491F-AD14-422404BC8BDC}.Release|Any CPU.Build.0 = Release|Any CPU
		{63C0E0B4-3DAD-4A40-8B13-A41360A6C4B2}.Debug|Any CPU.ActiveCfg = Debug|Any CPU
		{63C0E0B4-3DAD-4A40-8B13-A41360A6C4B2}.Debug|Any CPU.Build.0 = Debug|Any CPU
		{63C0E0B4-3DAD-4A40-8B13-A41360A6C4B2}.Release|Any CPU.ActiveCfg = Release|Any CPU
		{63C0E0B4-3DAD-4A40-8B13-A41360A6C4B2}.Release|Any CPU.Build.0 = Release|Any CPU
		{FB3C2464-D5D4-4D04-B3E7-F59B223F0833}.Debug|Any CPU.ActiveCfg = Debug|Any CPU
		{FB3C2464-D5D4-4D04-B3E7-F59B223F0833}.Debug|Any CPU.Build.0 = Debug|Any CPU
		{FB3C2464-D5D4-4D04-B3E7-F59B223F0833}.Release|Any CPU.ActiveCfg = Release|Any CPU
		{FB3C2464-D5D4-4D04-B3E7-F59B223F0833}.Release|Any CPU.Build.0 = Release|Any CPU
		{7C4E5FFD-BA2B-49FD-9920-72D218310A2D}.Debug|Any CPU.ActiveCfg = Debug|Any CPU
		{7C4E5FFD-BA2B-49FD-9920-72D218310A2D}.Debug|Any CPU.Build.0 = Debug|Any CPU
		{7C4E5FFD-BA2B-49FD-9920-72D218310A2D}.Release|Any CPU.ActiveCfg = Release|Any CPU
		{7C4E5FFD-BA2B-49FD-9920-72D218310A2D}.Release|Any CPU.Build.0 = Release|Any CPU
		{06571F67-B0D6-47FF-9565-2030C7DDF304}.Debug|Any CPU.ActiveCfg = Debug|Any CPU
		{06571F67-B0D6-47FF-9565-2030C7DDF304}.Debug|Any CPU.Build.0 = Debug|Any CPU
		{06571F67-B0D6-47FF-9565-2030C7DDF304}.Release|Any CPU.ActiveCfg = Release|Any CPU
		{06571F67-B0D6-47FF-9565-2030C7DDF304}.Release|Any CPU.Build.0 = Release|Any CPU
		{A8786062-2507-4B44-AB54-7A11A6CA0957}.Debug|Any CPU.ActiveCfg = Debug|Any CPU
		{A8786062-2507-4B44-AB54-7A11A6CA0957}.Debug|Any CPU.Build.0 = Debug|Any CPU
		{A8786062-2507-4B44-AB54-7A11A6CA0957}.Release|Any CPU.ActiveCfg = Release|Any CPU
		{A8786062-2507-4B44-AB54-7A11A6CA0957}.Release|Any CPU.Build.0 = Release|Any CPU
		{FF9BAFF3-D7A1-4E84-8DF2-4619969EEA33}.Debug|Any CPU.ActiveCfg = Debug|Any CPU
		{FF9BAFF3-D7A1-4E84-8DF2-4619969EEA33}.Debug|Any CPU.Build.0 = Debug|Any CPU
		{FF9BAFF3-D7A1-4E84-8DF2-4619969EEA33}.Release|Any CPU.ActiveCfg = Release|Any CPU
		{FF9BAFF3-D7A1-4E84-8DF2-4619969EEA33}.Release|Any CPU.Build.0 = Release|Any CPU
		{A7B992A8-71C4-4E8D-AB85-D36661EBEB0F}.Debug|Any CPU.ActiveCfg = Debug|Any CPU
		{A7B992A8-71C4-4E8D-AB85-D36661EBEB0F}.Debug|Any CPU.Build.0 = Debug|Any CPU
		{A7B992A8-71C4-4E8D-AB85-D36661EBEB0F}.Release|Any CPU.ActiveCfg = Release|Any CPU
		{A7B992A8-71C4-4E8D-AB85-D36661EBEB0F}.Release|Any CPU.Build.0 = Release|Any CPU
		{2C8C24C2-9016-46D1-A836-ED1F261CBDF4}.Debug|Any CPU.ActiveCfg = Debug|Any CPU
		{2C8C24C2-9016-46D1-A836-ED1F261CBDF4}.Debug|Any CPU.Build.0 = Debug|Any CPU
		{2C8C24C2-9016-46D1-A836-ED1F261CBDF4}.Release|Any CPU.ActiveCfg = Release|Any CPU
		{2C8C24C2-9016-46D1-A836-ED1F261CBDF4}.Release|Any CPU.Build.0 = Release|Any CPU
		{52D65DDF-501B-45F5-9FFA-C0A3FDCF9333}.Debug|Any CPU.ActiveCfg = Debug|Any CPU
		{52D65DDF-501B-45F5-9FFA-C0A3FDCF9333}.Debug|Any CPU.Build.0 = Debug|Any CPU
		{52D65DDF-501B-45F5-9FFA-C0A3FDCF9333}.Release|Any CPU.ActiveCfg = Release|Any CPU
		{52D65DDF-501B-45F5-9FFA-C0A3FDCF9333}.Release|Any CPU.Build.0 = Release|Any CPU
		{773CC30A-2F76-4971-909B-FFB7F3093ED1}.Debug|Any CPU.ActiveCfg = Debug|Any CPU
		{773CC30A-2F76-4971-909B-FFB7F3093ED1}.Debug|Any CPU.Build.0 = Debug|Any CPU
		{773CC30A-2F76-4971-909B-FFB7F3093ED1}.Release|Any CPU.ActiveCfg = Release|Any CPU
		{773CC30A-2F76-4971-909B-FFB7F3093ED1}.Release|Any CPU.Build.0 = Release|Any CPU
		{9ADE7643-D457-4453-8EE7-370658396B45}.Debug|Any CPU.ActiveCfg = Debug|Any CPU
		{9ADE7643-D457-4453-8EE7-370658396B45}.Debug|Any CPU.Build.0 = Debug|Any CPU
		{9ADE7643-D457-4453-8EE7-370658396B45}.Release|Any CPU.ActiveCfg = Release|Any CPU
		{9ADE7643-D457-4453-8EE7-370658396B45}.Release|Any CPU.Build.0 = Release|Any CPU
		{2C8A3EA1-2C46-482D-B88F-EC79ECAF7FB9}.Debug|Any CPU.ActiveCfg = Debug|Any CPU
		{2C8A3EA1-2C46-482D-B88F-EC79ECAF7FB9}.Debug|Any CPU.Build.0 = Debug|Any CPU
		{2C8A3EA1-2C46-482D-B88F-EC79ECAF7FB9}.Release|Any CPU.ActiveCfg = Release|Any CPU
		{2C8A3EA1-2C46-482D-B88F-EC79ECAF7FB9}.Release|Any CPU.Build.0 = Release|Any CPU
		{4D79D25F-8B5E-4559-8D3D-3F94668ECE2D}.Debug|Any CPU.ActiveCfg = Debug|Any CPU
		{4D79D25F-8B5E-4559-8D3D-3F94668ECE2D}.Debug|Any CPU.Build.0 = Debug|Any CPU
		{4D79D25F-8B5E-4559-8D3D-3F94668ECE2D}.Release|Any CPU.ActiveCfg = Release|Any CPU
		{4D79D25F-8B5E-4559-8D3D-3F94668ECE2D}.Release|Any CPU.Build.0 = Release|Any CPU
		{DB1BD54C-AFDD-43DD-8853-BB5CAEC601CE}.Debug|Any CPU.ActiveCfg = Debug|Any CPU
		{DB1BD54C-AFDD-43DD-8853-BB5CAEC601CE}.Debug|Any CPU.Build.0 = Debug|Any CPU
		{DB1BD54C-AFDD-43DD-8853-BB5CAEC601CE}.Release|Any CPU.ActiveCfg = Release|Any CPU
		{DB1BD54C-AFDD-43DD-8853-BB5CAEC601CE}.Release|Any CPU.Build.0 = Release|Any CPU
		{B8302538-67F6-411D-A58C-B4EF5B90202F}.Debug|Any CPU.ActiveCfg = Debug|Any CPU
		{B8302538-67F6-411D-A58C-B4EF5B90202F}.Debug|Any CPU.Build.0 = Debug|Any CPU
		{B8302538-67F6-411D-A58C-B4EF5B90202F}.Release|Any CPU.ActiveCfg = Release|Any CPU
		{B8302538-67F6-411D-A58C-B4EF5B90202F}.Release|Any CPU.Build.0 = Release|Any CPU
		{ED0C7E9D-27E0-4776-9196-5B0E7057658B}.Debug|Any CPU.ActiveCfg = Debug|Any CPU
		{ED0C7E9D-27E0-4776-9196-5B0E7057658B}.Debug|Any CPU.Build.0 = Debug|Any CPU
		{ED0C7E9D-27E0-4776-9196-5B0E7057658B}.Release|Any CPU.ActiveCfg = Release|Any CPU
		{ED0C7E9D-27E0-4776-9196-5B0E7057658B}.Release|Any CPU.Build.0 = Release|Any CPU
		{00977767-1578-45AF-869E-CA93243B3B5C}.Debug|Any CPU.ActiveCfg = Debug|Any CPU
		{00977767-1578-45AF-869E-CA93243B3B5C}.Debug|Any CPU.Build.0 = Debug|Any CPU
		{00977767-1578-45AF-869E-CA93243B3B5C}.Release|Any CPU.ActiveCfg = Release|Any CPU
		{00977767-1578-45AF-869E-CA93243B3B5C}.Release|Any CPU.Build.0 = Release|Any CPU
		{62BB2C7F-3485-46FD-B4CC-66D07AF491DB}.Debug|Any CPU.ActiveCfg = Debug|Any CPU
		{62BB2C7F-3485-46FD-B4CC-66D07AF491DB}.Debug|Any CPU.Build.0 = Debug|Any CPU
		{62BB2C7F-3485-46FD-B4CC-66D07AF491DB}.Release|Any CPU.ActiveCfg = Release|Any CPU
		{62BB2C7F-3485-46FD-B4CC-66D07AF491DB}.Release|Any CPU.Build.0 = Release|Any CPU
		{A14360B6-9141-438C-9964-C0411ADBFE7F}.Debug|Any CPU.ActiveCfg = Debug|Any CPU
		{A14360B6-9141-438C-9964-C0411ADBFE7F}.Debug|Any CPU.Build.0 = Debug|Any CPU
		{A14360B6-9141-438C-9964-C0411ADBFE7F}.Release|Any CPU.ActiveCfg = Release|Any CPU
		{A14360B6-9141-438C-9964-C0411ADBFE7F}.Release|Any CPU.Build.0 = Release|Any CPU
		{F652FA55-E076-47E8-9E83-6CA084BF50CC}.Debug|Any CPU.ActiveCfg = Debug|Any CPU
		{F652FA55-E076-47E8-9E83-6CA084BF50CC}.Debug|Any CPU.Build.0 = Debug|Any CPU
		{F652FA55-E076-47E8-9E83-6CA084BF50CC}.Release|Any CPU.ActiveCfg = Release|Any CPU
		{F652FA55-E076-47E8-9E83-6CA084BF50CC}.Release|Any CPU.Build.0 = Release|Any CPU
		{87DD3603-F410-433B-B40D-F9F2FCE0FFEA}.Debug|Any CPU.ActiveCfg = Debug|Any CPU
		{87DD3603-F410-433B-B40D-F9F2FCE0FFEA}.Debug|Any CPU.Build.0 = Debug|Any CPU
		{87DD3603-F410-433B-B40D-F9F2FCE0FFEA}.Release|Any CPU.ActiveCfg = Release|Any CPU
		{87DD3603-F410-433B-B40D-F9F2FCE0FFEA}.Release|Any CPU.Build.0 = Release|Any CPU
		{322CCADE-AC1D-4337-8691-5623E9BE6A0D}.Debug|Any CPU.ActiveCfg = Debug|Any CPU
		{322CCADE-AC1D-4337-8691-5623E9BE6A0D}.Debug|Any CPU.Build.0 = Debug|Any CPU
		{322CCADE-AC1D-4337-8691-5623E9BE6A0D}.Release|Any CPU.ActiveCfg = Release|Any CPU
		{322CCADE-AC1D-4337-8691-5623E9BE6A0D}.Release|Any CPU.Build.0 = Release|Any CPU
		{6B51A979-5850-4DB6-850F-C18052E150E2}.Debug|Any CPU.ActiveCfg = Debug|Any CPU
		{6B51A979-5850-4DB6-850F-C18052E150E2}.Debug|Any CPU.Build.0 = Debug|Any CPU
		{6B51A979-5850-4DB6-850F-C18052E150E2}.Release|Any CPU.ActiveCfg = Release|Any CPU
		{6B51A979-5850-4DB6-850F-C18052E150E2}.Release|Any CPU.Build.0 = Release|Any CPU
		{288D775C-B4F4-4657-BF3D-70E8A27CA9B6}.Debug|Any CPU.ActiveCfg = Debug|Any CPU
		{288D775C-B4F4-4657-BF3D-70E8A27CA9B6}.Debug|Any CPU.Build.0 = Debug|Any CPU
		{288D775C-B4F4-4657-BF3D-70E8A27CA9B6}.Release|Any CPU.ActiveCfg = Release|Any CPU
		{288D775C-B4F4-4657-BF3D-70E8A27CA9B6}.Release|Any CPU.Build.0 = Release|Any CPU
	EndGlobalSection
	GlobalSection(SolutionProperties) = preSolution
		HideSolutionNode = FALSE
	EndGlobalSection
	GlobalSection(ExtensibilityGlobals) = postSolution
		SolutionGuid = {FF536354-B895-4B4D-BD54-B2D372F6BEA3}
	EndGlobalSection
EndGlobal
